
Microsoft Visual Studio Solution File, Format Version 12.00
# Visual Studio 2013
VisualStudioVersion = 12.0.21005.1
MinimumVisualStudioVersion = 10.0.40219.1
Project("{FAE04EC0-301F-11D3-BF4B-00C04F79EFBC}") = "DddInAction.Logic", "DddInAction.Logic\DddInAction.Logic.csproj", "{F85B4AF1-205F-4877-A5A0-3DB3BD8F853C}"
EndProject
Project("{FAE04EC0-301F-11D3-BF4B-00C04F79EFBC}") = "DddInAction.Tests", "DddInAction.Tests\DddInAction.Tests.csproj", "{44BBD255-758B-4519-A22E-7B06D0D89106}"
EndProject
Project("{FAE04EC0-301F-11D3-BF4B-00C04F79EFBC}") = "DddInAction.Client", "DddInAction.Client\DddInAction.Client.csproj", "{776C44F6-C7D2-41F6-9482-C43E7C9BA7CF}"
EndProject
Project("{FAE04EC0-301F-11D3-BF4B-00C04F79EFBC}") = "DddInAction.DB", "DddInAction.DB\DddInAction.DB.csproj", "{6B708C9A-2891-487C-9EFD-347F18F66521}"
EndProject
Global
	GlobalSection(SolutionConfigurationPlatforms) = preSolution
		Debug|Any CPU = Debug|Any CPU
		Release|Any CPU = Release|Any CPU
	EndGlobalSection
	GlobalSection(ProjectConfigurationPlatforms) = postSolution
		{F85B4AF1-205F-4877-A5A0-3DB3BD8F853C}.Debug|Any CPU.ActiveCfg = Debug|Any CPU
		{F85B4AF1-205F-4877-A5A0-3DB3BD8F853C}.Debug|Any CPU.Build.0 = Debug|Any CPU
		{F85B4AF1-205F-4877-A5A0-3DB3BD8F853C}.Release|Any CPU.ActiveCfg = Release|Any CPU
		{F85B4AF1-205F-4877-A5A0-3DB3BD8F853C}.Release|Any CPU.Build.0 = Release|Any CPU
		{44BBD255-758B-4519-A22E-7B06D0D89106}.Debug|Any CPU.ActiveCfg = Debug|Any CPU
		{44BBD255-758B-4519-A22E-7B06D0D89106}.Debug|Any CPU.Build.0 = Debug|Any CPU
		{44BBD255-758B-4519-A22E-7B06D0D89106}.Release|Any CPU.ActiveCfg = Release|Any CPU
		{44BBD255-758B-4519-A22E-7B06D0D89106}.Release|Any CPU.Build.0 = Release|Any CPU
		{776C44F6-C7D2-41F6-9482-C43E7C9BA7CF}.Debug|Any CPU.ActiveCfg = Debug|Any CPU
		{776C44F6-C7D2-41F6-9482-C43E7C9BA7CF}.Debug|Any CPU.Build.0 = Debug|Any CPU
		{776C44F6-C7D2-41F6-9482-C43E7C9BA7CF}.Release|Any CPU.ActiveCfg = Release|Any CPU
		{776C44F6-C7D2-41F6-9482-C43E7C9BA7CF}.Release|Any CPU.Build.0 = Release|Any CPU
		{6B708C9A-2891-487C-9EFD-347F18F66521}.Debug|Any CPU.ActiveCfg = Debug|Any CPU
		{6B708C9A-2891-487C-9EFD-347F18F66521}.Debug|Any CPU.Build.0 = Debug|Any CPU
		{6B708C9A-2891-487C-9EFD-347F18F66521}.Release|Any CPU.ActiveCfg = Release|Any CPU
		{6B708C9A-2891-487C-9EFD-347F18F66521}.Release|Any CPU.Build.0 = Release|Any CPU
	EndGlobalSection
	GlobalSection(SolutionProperties) = preSolution
		HideSolutionNode = FALSE
	EndGlobalSection
EndGlobal
